
Microsoft Visual Studio Solution File, Format Version 12.00
# Visual Studio Version 17
VisualStudioVersion = 17.1.32319.34
MinimumVisualStudioVersion = 10.0.40219.1
Project("{9A19103F-16F7-4668-BE54-9A1E7A4F7556}") = "Metalama.Documentation.DfmExtensions", "Metalama.Documentation.DfmExtensions\Metalama.Documentation.DfmExtensions.csproj", "{CBEE29A8-F75F-4F36-91A3-DF9C11916197}"
EndProject
Project("{9A19103F-16F7-4668-BE54-9A1E7A4F7556}") = "Metalama.Documentation.Consolidated", "Metalama.Documentation.Consolidated\Metalama.Documentation.Consolidated.csproj", "{9CCDDD42-07C0-421F-A5FE-DC05939FB22D}"
EndProject
Project("{9A19103F-16F7-4668-BE54-9A1E7A4F7556}") = "Metalama.Documentation.DfmExtensions.UnitTests", "Metalama.Documentation.DfmExtensions.UnitTests\Metalama.Documentation.DfmExtensions.UnitTests.csproj", "{9CF34F75-4F46-47B2-89F7-9E1E05110A30}"
EndProject
Project("{FAE04EC0-301F-11D3-BF4B-00C04F79EFBC}") = "Metalama.Documentation.Docfx", "Metalama.Documentation.Docfx\Metalama.Documentation.Docfx.csproj", "{EFE6D5C1-5304-4F28-AD5E-3DE4A9587158}"
EndProject
Project("{FAE04EC0-301F-11D3-BF4B-00C04F79EFBC}") = "Metalama.Documentation.Markdig.Extensions", "Metalama.Documentation.Markdig.Extensions\Metalama.Documentation.Markdig.Extensions.csproj", "{3CB7B2AE-90BA-4CF0-8FB4-D41DCF3EC77C}"
EndProject
Global
	GlobalSection(SolutionConfigurationPlatforms) = preSolution
		Debug|Any CPU = Debug|Any CPU
		Release|Any CPU = Release|Any CPU
	EndGlobalSection
	GlobalSection(ProjectConfigurationPlatforms) = postSolution
		{CBEE29A8-F75F-4F36-91A3-DF9C11916197}.Debug|Any CPU.ActiveCfg = Debug|Any CPU
		{CBEE29A8-F75F-4F36-91A3-DF9C11916197}.Debug|Any CPU.Build.0 = Debug|Any CPU
		{CBEE29A8-F75F-4F36-91A3-DF9C11916197}.Release|Any CPU.ActiveCfg = Debug|Any CPU
		{CBEE29A8-F75F-4F36-91A3-DF9C11916197}.Release|Any CPU.Build.0 = Debug|Any CPU
		{9CCDDD42-07C0-421F-A5FE-DC05939FB22D}.Debug|Any CPU.ActiveCfg = Debug|Any CPU
		{9CCDDD42-07C0-421F-A5FE-DC05939FB22D}.Debug|Any CPU.Build.0 = Debug|Any CPU
		{9CCDDD42-07C0-421F-A5FE-DC05939FB22D}.Release|Any CPU.ActiveCfg = Debug|Any CPU
		{9CCDDD42-07C0-421F-A5FE-DC05939FB22D}.Release|Any CPU.Build.0 = Debug|Any CPU
		{9CF34F75-4F46-47B2-89F7-9E1E05110A30}.Debug|Any CPU.ActiveCfg = Debug|Any CPU
		{9CF34F75-4F46-47B2-89F7-9E1E05110A30}.Debug|Any CPU.Build.0 = Debug|Any CPU
		{9CF34F75-4F46-47B2-89F7-9E1E05110A30}.Release|Any CPU.ActiveCfg = Debug|Any CPU
		{9CF34F75-4F46-47B2-89F7-9E1E05110A30}.Release|Any CPU.Build.0 = Debug|Any CPU
		{EFE6D5C1-5304-4F28-AD5E-3DE4A9587158}.Debug|Any CPU.ActiveCfg = Debug|Any CPU
		{EFE6D5C1-5304-4F28-AD5E-3DE4A9587158}.Debug|Any CPU.Build.0 = Debug|Any CPU
		{EFE6D5C1-5304-4F28-AD5E-3DE4A9587158}.Release|Any CPU.ActiveCfg = Release|Any CPU
		{EFE6D5C1-5304-4F28-AD5E-3DE4A9587158}.Release|Any CPU.Build.0 = Release|Any CPU
		{3CB7B2AE-90BA-4CF0-8FB4-D41DCF3EC77C}.Debug|Any CPU.ActiveCfg = Debug|Any CPU
		{3CB7B2AE-90BA-4CF0-8FB4-D41DCF3EC77C}.Debug|Any CPU.Build.0 = Debug|Any CPU
		{3CB7B2AE-90BA-4CF0-8FB4-D41DCF3EC77C}.Release|Any CPU.ActiveCfg = Release|Any CPU
		{3CB7B2AE-90BA-4CF0-8FB4-D41DCF3EC77C}.Release|Any CPU.Build.0 = Release|Any CPU
	EndGlobalSection
	GlobalSection(SolutionProperties) = preSolution
		HideSolutionNode = FALSE
	EndGlobalSection
	GlobalSection(ExtensibilityGlobals) = postSolution
		SolutionGuid = {08738568-8380-4D6C-801A-53A25383C1B2}
	EndGlobalSection
EndGlobal
