
Microsoft Visual Studio Solution File, Format Version 12.00
# Visual Studio Version 17
VisualStudioVersion = 17.2.32602.215
MinimumVisualStudioVersion = 10.0.40219.1
Project("{2150E333-8FDC-42A3-9474-1A3956D46DE8}") = "Solution Items", "Solution Items", "{F097C4FD-B9AB-49F1-B3AD-5A121427FA61}"
	ProjectSection(SolutionItems) = preProject
		Directory.Build.props = Directory.Build.props
	EndProjectSection
EndProject
Project("{9A19103F-16F7-4668-BE54-9A1E7A4F7556}") = "Metalama.Documentation.SampleCode.AspectFramework", "Metalama.Documentation.SampleCode.AspectFramework\Metalama.Documentation.SampleCode.AspectFramework.csproj", "{B43982B8-CFD0-4237-BCF9-5122C0D06ADE}"
EndProject
Project("{9A19103F-16F7-4668-BE54-9A1E7A4F7556}") = "Metalama.Documentation.SampleCode.DependencyInjection", "Metalama.Documentation.SampleCode.DependencyInjection\Metalama.Documentation.SampleCode.DependencyInjection.csproj", "{D01D63EC-F752-481D-BEE6-E40705477EAB}"
EndProject
Project("{9A19103F-16F7-4668-BE54-9A1E7A4F7556}") = "Metalama.Documentation.SampleCode.DependencyInjection.ServiceLocator", "Metalama.Documentation.SampleCode.DependencyInjection.ServiceLocator\Metalama.Documentation.SampleCode.DependencyInjection.ServiceLocator.csproj", "{2C10AD9B-09B7-4C1C-8CF3-F3086DEBD7BB}"
EndProject
Project("{9A19103F-16F7-4668-BE54-9A1E7A4F7556}") = "Metalama.Documentation.SampleCode.EnhanceProperties", "Metalama.Documentation.SampleCode.EnhanceProperties\Metalama.Documentation.SampleCode.EnhanceProperties.csproj", "{3D9F311F-330F-4D19-B373-F2BBE9196CF0}"
EndProject
Global
	GlobalSection(SolutionConfigurationPlatforms) = preSolution
		Debug|Any CPU = Debug|Any CPU
		Release|Any CPU = Release|Any CPU
	EndGlobalSection
	GlobalSection(ProjectConfigurationPlatforms) = postSolution
		{B43982B8-CFD0-4237-BCF9-5122C0D06ADE}.Debug|Any CPU.ActiveCfg = Debug|Any CPU
		{B43982B8-CFD0-4237-BCF9-5122C0D06ADE}.Debug|Any CPU.Build.0 = Debug|Any CPU
		{B43982B8-CFD0-4237-BCF9-5122C0D06ADE}.Release|Any CPU.ActiveCfg = Release|Any CPU
		{B43982B8-CFD0-4237-BCF9-5122C0D06ADE}.Release|Any CPU.Build.0 = Release|Any CPU
		{D01D63EC-F752-481D-BEE6-E40705477EAB}.Debug|Any CPU.ActiveCfg = Debug|Any CPU
		{D01D63EC-F752-481D-BEE6-E40705477EAB}.Debug|Any CPU.Build.0 = Debug|Any CPU
		{D01D63EC-F752-481D-BEE6-E40705477EAB}.Release|Any CPU.ActiveCfg = Release|Any CPU
		{D01D63EC-F752-481D-BEE6-E40705477EAB}.Release|Any CPU.Build.0 = Release|Any CPU
		{2C10AD9B-09B7-4C1C-8CF3-F3086DEBD7BB}.Debug|Any CPU.ActiveCfg = Debug|Any CPU
		{2C10AD9B-09B7-4C1C-8CF3-F3086DEBD7BB}.Debug|Any CPU.Build.0 = Debug|Any CPU
		{2C10AD9B-09B7-4C1C-8CF3-F3086DEBD7BB}.Release|Any CPU.ActiveCfg = Release|Any CPU
		{2C10AD9B-09B7-4C1C-8CF3-F3086DEBD7BB}.Release|Any CPU.Build.0 = Release|Any CPU
		{3D9F311F-330F-4D19-B373-F2BBE9196CF0}.Debug|Any CPU.ActiveCfg = Debug|Any CPU
		{3D9F311F-330F-4D19-B373-F2BBE9196CF0}.Debug|Any CPU.Build.0 = Debug|Any CPU
		{3D9F311F-330F-4D19-B373-F2BBE9196CF0}.Release|Any CPU.ActiveCfg = Release|Any CPU
		{3D9F311F-330F-4D19-B373-F2BBE9196CF0}.Release|Any CPU.Build.0 = Release|Any CPU
	EndGlobalSection
	GlobalSection(SolutionProperties) = preSolution
		HideSolutionNode = FALSE
	EndGlobalSection
	GlobalSection(ExtensibilityGlobals) = postSolution
		SolutionGuid = {3693209C-8F21-466A-9255-1AB91801D6B6}
	EndGlobalSection
EndGlobal
