
Microsoft Visual Studio Solution File, Format Version 12.00
# Visual Studio Version 17
VisualStudioVersion = 17.4.33205.214
MinimumVisualStudioVersion = 10.0.40219.1
Project("{9A19103F-16F7-4668-BE54-9A1E7A4F7556}") = "Metalama.Documentation.SimpleAspects", "Metalama.Documentation.SimpleAspects.csproj", "{21391BBC-FB32-4170-94BD-83F3530B25B2}"
EndProject
Global
	GlobalSection(SolutionConfigurationPlatforms) = preSolution
		Debug|Any CPU = Debug|Any CPU
		Release|Any CPU = Release|Any CPU
	EndGlobalSection
	GlobalSection(ProjectConfigurationPlatforms) = postSolution
		{21391BBC-FB32-4170-94BD-83F3530B25B2}.Debug|Any CPU.ActiveCfg = Debug|Any CPU
		{21391BBC-FB32-4170-94BD-83F3530B25B2}.Debug|Any CPU.Build.0 = Debug|Any CPU
		{21391BBC-FB32-4170-94BD-83F3530B25B2}.Release|Any CPU.ActiveCfg = Release|Any CPU
		{21391BBC-FB32-4170-94BD-83F3530B25B2}.Release|Any CPU.Build.0 = Release|Any CPU
	EndGlobalSection
	GlobalSection(SolutionProperties) = preSolution
		HideSolutionNode = FALSE
	EndGlobalSection
	GlobalSection(ExtensibilityGlobals) = postSolution
		SolutionGuid = {865F37C1-AF0A-4D51-B09D-80A832777D8E}
	EndGlobalSection
EndGlobal
