
Microsoft Visual Studio Solution File, Format Version 12.00
# Visual Studio Version 17
VisualStudioVersion = 17.4.33205.214
MinimumVisualStudioVersion = 10.0.40219.1
Project("{9A19103F-16F7-4668-BE54-9A1E7A4F7556}") = "Metalama.Documentation.QuickStart.Fabrics.3", "Metalama.Documentation.QuickStart.Fabrics.3.csproj", "{461BA783-B670-473B-A578-BE68E3DD9659}"
EndProject
Global
	GlobalSection(SolutionConfigurationPlatforms) = preSolution
		Debug|Any CPU = Debug|Any CPU
		Release|Any CPU = Release|Any CPU
	EndGlobalSection
	GlobalSection(ProjectConfigurationPlatforms) = postSolution
		{461BA783-B670-473B-A578-BE68E3DD9659}.Debug|Any CPU.ActiveCfg = Debug|Any CPU
		{461BA783-B670-473B-A578-BE68E3DD9659}.Debug|Any CPU.Build.0 = Debug|Any CPU
		{461BA783-B670-473B-A578-BE68E3DD9659}.Release|Any CPU.ActiveCfg = Release|Any CPU
		{461BA783-B670-473B-A578-BE68E3DD9659}.Release|Any CPU.Build.0 = Release|Any CPU
	EndGlobalSection
	GlobalSection(SolutionProperties) = preSolution
		HideSolutionNode = FALSE
	EndGlobalSection
	GlobalSection(ExtensibilityGlobals) = postSolution
		SolutionGuid = {89C61055-3D03-46E4-9C34-136E4C87CF26}
	EndGlobalSection
EndGlobal
