
Microsoft Visual Studio Solution File, Format Version 12.00
# Visual Studio Version 17
VisualStudioVersion = 17.4.33205.214
MinimumVisualStudioVersion = 10.0.40219.1
Project("{9A19103F-16F7-4668-BE54-9A1E7A4F7556}") = "Metalama.Documentation.QuickStart", "Metalama.Documentation.QuickStart.csproj", "{15D9754F-DC99-49DE-BB48-B3AC96985BBC}"
EndProject
Global
	GlobalSection(SolutionConfigurationPlatforms) = preSolution
		Debug|Any CPU = Debug|Any CPU
		LamaDebug|Any CPU = LamaDebug|Any CPU
		Release|Any CPU = Release|Any CPU
	EndGlobalSection
	GlobalSection(ProjectConfigurationPlatforms) = postSolution
		{15D9754F-DC99-49DE-BB48-B3AC96985BBC}.Debug|Any CPU.ActiveCfg = Debug|Any CPU
		{15D9754F-DC99-49DE-BB48-B3AC96985BBC}.Debug|Any CPU.Build.0 = Debug|Any CPU
		{15D9754F-DC99-49DE-BB48-B3AC96985BBC}.LamaDebug|Any CPU.ActiveCfg = LamaDebug|Any CPU
		{15D9754F-DC99-49DE-BB48-B3AC96985BBC}.LamaDebug|Any CPU.Build.0 = LamaDebug|Any CPU
		{15D9754F-DC99-49DE-BB48-B3AC96985BBC}.Release|Any CPU.ActiveCfg = Release|Any CPU
		{15D9754F-DC99-49DE-BB48-B3AC96985BBC}.Release|Any CPU.Build.0 = Release|Any CPU
	EndGlobalSection
	GlobalSection(SolutionProperties) = preSolution
		HideSolutionNode = FALSE
	EndGlobalSection
	GlobalSection(ExtensibilityGlobals) = postSolution
		SolutionGuid = {95E616EC-1326-42FE-8FC8-A872363DA162}
	EndGlobalSection
EndGlobal
