
Microsoft Visual Studio Solution File, Format Version 12.00
# Visual Studio Version 17
VisualStudioVersion = 17.4.33205.214
MinimumVisualStudioVersion = 10.0.40219.1
Project("{9A19103F-16F7-4668-BE54-9A1E7A4F7556}") = "Metalama.Documentation.QuickStart.Fabrics", "Metalama.Documentation.QuickStart.Fabrics.csproj", "{2D885F7F-0469-4DDF-9076-E50DEEAA5F14}"
EndProject
Global
	GlobalSection(SolutionConfigurationPlatforms) = preSolution
		Debug|Any CPU = Debug|Any CPU
		LamaDebug|Any CPU = LamaDebug|Any CPU
		Release|Any CPU = Release|Any CPU
	EndGlobalSection
	GlobalSection(ProjectConfigurationPlatforms) = postSolution
		{2D885F7F-0469-4DDF-9076-E50DEEAA5F14}.Debug|Any CPU.ActiveCfg = Debug|Any CPU
		{2D885F7F-0469-4DDF-9076-E50DEEAA5F14}.Debug|Any CPU.Build.0 = Debug|Any CPU
		{2D885F7F-0469-4DDF-9076-E50DEEAA5F14}.LamaDebug|Any CPU.ActiveCfg = LamaDebug|Any CPU
		{2D885F7F-0469-4DDF-9076-E50DEEAA5F14}.LamaDebug|Any CPU.Build.0 = LamaDebug|Any CPU
		{2D885F7F-0469-4DDF-9076-E50DEEAA5F14}.Release|Any CPU.ActiveCfg = Release|Any CPU
		{2D885F7F-0469-4DDF-9076-E50DEEAA5F14}.Release|Any CPU.Build.0 = Release|Any CPU
	EndGlobalSection
	GlobalSection(SolutionProperties) = preSolution
		HideSolutionNode = FALSE
	EndGlobalSection
	GlobalSection(ExtensibilityGlobals) = postSolution
		SolutionGuid = {569840E7-31E0-446E-81FF-5F9375DFEDE8}
	EndGlobalSection
EndGlobal
