
Microsoft Visual Studio Solution File, Format Version 12.00
# Visual Studio Version 17
VisualStudioVersion = 17.4.33205.214
MinimumVisualStudioVersion = 10.0.40219.1
Project("{9A19103F-16F7-4668-BE54-9A1E7A4F7556}") = "DebugDemo4", "DebugDemo4.csproj", "{7E38A9C4-9B0B-4028-B016-DF9F94962E0F}"
EndProject
Global
	GlobalSection(SolutionConfigurationPlatforms) = preSolution
		Debug|Any CPU = Debug|Any CPU
		Release|Any CPU = Release|Any CPU
	EndGlobalSection
	GlobalSection(ProjectConfigurationPlatforms) = postSolution
		{7E38A9C4-9B0B-4028-B016-DF9F94962E0F}.Debug|Any CPU.ActiveCfg = Debug|Any CPU
		{7E38A9C4-9B0B-4028-B016-DF9F94962E0F}.Debug|Any CPU.Build.0 = Debug|Any CPU
		{7E38A9C4-9B0B-4028-B016-DF9F94962E0F}.Release|Any CPU.ActiveCfg = Release|Any CPU
		{7E38A9C4-9B0B-4028-B016-DF9F94962E0F}.Release|Any CPU.Build.0 = Release|Any CPU
	EndGlobalSection
	GlobalSection(SolutionProperties) = preSolution
		HideSolutionNode = FALSE
	EndGlobalSection
	GlobalSection(ExtensibilityGlobals) = postSolution
		SolutionGuid = {D90DF3BD-BD0D-4CDA-9532-2DE7CB4410A2}
	EndGlobalSection
EndGlobal
